
Microsoft Visual Studio Solution File, Format Version 12.00
# Visual Studio 15
VisualStudioVersion = 15.0.27703.2035
MinimumVisualStudioVersion = 10.0.40219.1
Project("{2150E333-8FDC-42A3-9474-1A3956D46DE8}") = "Domain", "Domain", "{D8AA6B66-BF86-4804-8A90-C55F071AE746}"
EndProject
Project("{FAE04EC0-301F-11D3-BF4B-00C04F79EFBC}") = "Series.Backend.Entities", "Series.Backend.Entities\Series.Backend.Entities.csproj", "{88C88ABD-CC8F-407C-8484-713135B961EC}"
EndProject
Project("{FAE04EC0-301F-11D3-BF4B-00C04F79EFBC}") = "Series.Backend.Contracts", "Series.Backend.Contracts\Series.Backend.Contracts.csproj", "{15276A8D-4A4A-47A5-B8A1-99F480D77629}"
EndProject
Project("{FAE04EC0-301F-11D3-BF4B-00C04F79EFBC}") = "Series.Backend.Models", "Series.Backend.Models\Series.Backend.Models.csproj", "{13025BD8-06AA-43C1-8676-539AF9B59F91}"
EndProject
Project("{FAE04EC0-301F-11D3-BF4B-00C04F79EFBC}") = "Backend.Utils", "Backend.Utils\Backend.Utils.csproj", "{FBE442E5-8130-43BB-B6A4-31934394B815}"
EndProject
Project("{2150E333-8FDC-42A3-9474-1A3956D46DE8}") = "Tools", "Tools", "{E702677E-3512-4493-94A1-2C9C13148834}"
EndProject
Project("{2150E333-8FDC-42A3-9474-1A3956D46DE8}") = "TestRunners", "TestRunners", "{5AC640DA-BE12-4F01-84EA-3A19FE60F106}"
EndProject
Project("{FAE04EC0-301F-11D3-BF4B-00C04F79EFBC}") = "DatabaseInit", "DatabaseInit\DatabaseInit.csproj", "{CCBAA9B6-6CC9-4EE9-84B8-C04132C4DFD1}"
EndProject
Project("{FAE04EC0-301F-11D3-BF4B-00C04F79EFBC}") = "TestRunners.ContainerRepoistories", "TestRunners.ContainerRepoistories\TestRunners.ContainerRepoistories.csproj", "{C0205D96-73C1-4771-AC96-6D5BA212A072}"
EndProject
Project("{FAE04EC0-301F-11D3-BF4B-00C04F79EFBC}") = "TestRunners.SeriesDbContext", "TestRunners.SeriesDbContext\TestRunners.SeriesDbContext.csproj", "{B718F91A-A4C1-4C94-8A80-36D0649E8857}"
EndProject
Global
	GlobalSection(SolutionConfigurationPlatforms) = preSolution
		Debug|Any CPU = Debug|Any CPU
		Release|Any CPU = Release|Any CPU
	EndGlobalSection
	GlobalSection(ProjectConfigurationPlatforms) = postSolution
		{88C88ABD-CC8F-407C-8484-713135B961EC}.Debug|Any CPU.ActiveCfg = Debug|Any CPU
		{88C88ABD-CC8F-407C-8484-713135B961EC}.Debug|Any CPU.Build.0 = Debug|Any CPU
		{88C88ABD-CC8F-407C-8484-713135B961EC}.Release|Any CPU.ActiveCfg = Release|Any CPU
		{88C88ABD-CC8F-407C-8484-713135B961EC}.Release|Any CPU.Build.0 = Release|Any CPU
		{15276A8D-4A4A-47A5-B8A1-99F480D77629}.Debug|Any CPU.ActiveCfg = Debug|Any CPU
		{15276A8D-4A4A-47A5-B8A1-99F480D77629}.Debug|Any CPU.Build.0 = Debug|Any CPU
		{15276A8D-4A4A-47A5-B8A1-99F480D77629}.Release|Any CPU.ActiveCfg = Release|Any CPU
		{15276A8D-4A4A-47A5-B8A1-99F480D77629}.Release|Any CPU.Build.0 = Release|Any CPU
		{13025BD8-06AA-43C1-8676-539AF9B59F91}.Debug|Any CPU.ActiveCfg = Debug|Any CPU
		{13025BD8-06AA-43C1-8676-539AF9B59F91}.Debug|Any CPU.Build.0 = Debug|Any CPU
		{13025BD8-06AA-43C1-8676-539AF9B59F91}.Release|Any CPU.ActiveCfg = Release|Any CPU
		{13025BD8-06AA-43C1-8676-539AF9B59F91}.Release|Any CPU.Build.0 = Release|Any CPU
		{FBE442E5-8130-43BB-B6A4-31934394B815}.Debug|Any CPU.ActiveCfg = Debug|Any CPU
		{FBE442E5-8130-43BB-B6A4-31934394B815}.Debug|Any CPU.Build.0 = Debug|Any CPU
		{FBE442E5-8130-43BB-B6A4-31934394B815}.Release|Any CPU.ActiveCfg = Release|Any CPU
		{FBE442E5-8130-43BB-B6A4-31934394B815}.Release|Any CPU.Build.0 = Release|Any CPU
		{CCBAA9B6-6CC9-4EE9-84B8-C04132C4DFD1}.Debug|Any CPU.ActiveCfg = Debug|Any CPU
		{CCBAA9B6-6CC9-4EE9-84B8-C04132C4DFD1}.Debug|Any CPU.Build.0 = Debug|Any CPU
		{CCBAA9B6-6CC9-4EE9-84B8-C04132C4DFD1}.Release|Any CPU.ActiveCfg = Release|Any CPU
		{CCBAA9B6-6CC9-4EE9-84B8-C04132C4DFD1}.Release|Any CPU.Build.0 = Release|Any CPU
		{C0205D96-73C1-4771-AC96-6D5BA212A072}.Debug|Any CPU.ActiveCfg = Debug|Any CPU
		{C0205D96-73C1-4771-AC96-6D5BA212A072}.Debug|Any CPU.Build.0 = Debug|Any CPU
		{C0205D96-73C1-4771-AC96-6D5BA212A072}.Release|Any CPU.ActiveCfg = Release|Any CPU
		{C0205D96-73C1-4771-AC96-6D5BA212A072}.Release|Any CPU.Build.0 = Release|Any CPU
		{B718F91A-A4C1-4C94-8A80-36D0649E8857}.Debug|Any CPU.ActiveCfg = Debug|Any CPU
		{B718F91A-A4C1-4C94-8A80-36D0649E8857}.Debug|Any CPU.Build.0 = Debug|Any CPU
		{B718F91A-A4C1-4C94-8A80-36D0649E8857}.Release|Any CPU.ActiveCfg = Release|Any CPU
		{B718F91A-A4C1-4C94-8A80-36D0649E8857}.Release|Any CPU.Build.0 = Release|Any CPU
	EndGlobalSection
	GlobalSection(SolutionProperties) = preSolution
		HideSolutionNode = FALSE
	EndGlobalSection
	GlobalSection(NestedProjects) = preSolution
		{88C88ABD-CC8F-407C-8484-713135B961EC} = {D8AA6B66-BF86-4804-8A90-C55F071AE746}
		{15276A8D-4A4A-47A5-B8A1-99F480D77629} = {D8AA6B66-BF86-4804-8A90-C55F071AE746}
		{13025BD8-06AA-43C1-8676-539AF9B59F91} = {D8AA6B66-BF86-4804-8A90-C55F071AE746}
		{FBE442E5-8130-43BB-B6A4-31934394B815} = {E702677E-3512-4493-94A1-2C9C13148834}
		{CCBAA9B6-6CC9-4EE9-84B8-C04132C4DFD1} = {E702677E-3512-4493-94A1-2C9C13148834}
		{C0205D96-73C1-4771-AC96-6D5BA212A072} = {5AC640DA-BE12-4F01-84EA-3A19FE60F106}
		{B718F91A-A4C1-4C94-8A80-36D0649E8857} = {5AC640DA-BE12-4F01-84EA-3A19FE60F106}
	EndGlobalSection
	GlobalSection(ExtensibilityGlobals) = postSolution
		SolutionGuid = {DD8C3ADC-CF42-472B-AD9D-7261BD1D3030}
	EndGlobalSection
EndGlobal
