
Microsoft Visual Studio Solution File, Format Version 12.00
# Visual Studio 15
VisualStudioVersion = 15.0.27703.2035
MinimumVisualStudioVersion = 10.0.40219.1
Project("{FAE04EC0-301F-11D3-BF4B-00C04F79EFBC}") = "Security.Utils", "Security.Utils\Security.Utils.csproj", "{4FE62254-EFF9-49C8-9DC4-8C3B6FDEAA9F}"
EndProject
Project("{2150E333-8FDC-42A3-9474-1A3956D46DE8}") = "Tests", "Tests", "{772ABB88-348A-4F6F-98A8-AED31A484B46}"
EndProject
Project("{FAE04EC0-301F-11D3-BF4B-00C04F79EFBC}") = "Security.Validators", "Security.Validators\Security.Validators.csproj", "{BB17B2D7-09A3-4942-B2A6-A36C88A4BA0B}"
EndProject
Project("{FAE04EC0-301F-11D3-BF4B-00C04F79EFBC}") = "Security.Validators.Tests", "Security.Validators.Tests\Security.Validators.Tests.csproj", "{F7D21EE0-0EA1-4DAF-96CF-6FCB91BE8ABF}"
EndProject
Global
	GlobalSection(SolutionConfigurationPlatforms) = preSolution
		Debug|Any CPU = Debug|Any CPU
		Release|Any CPU = Release|Any CPU
	EndGlobalSection
	GlobalSection(ProjectConfigurationPlatforms) = postSolution
		{4FE62254-EFF9-49C8-9DC4-8C3B6FDEAA9F}.Debug|Any CPU.ActiveCfg = Debug|Any CPU
		{4FE62254-EFF9-49C8-9DC4-8C3B6FDEAA9F}.Debug|Any CPU.Build.0 = Debug|Any CPU
		{4FE62254-EFF9-49C8-9DC4-8C3B6FDEAA9F}.Release|Any CPU.ActiveCfg = Release|Any CPU
		{4FE62254-EFF9-49C8-9DC4-8C3B6FDEAA9F}.Release|Any CPU.Build.0 = Release|Any CPU
		{BB17B2D7-09A3-4942-B2A6-A36C88A4BA0B}.Debug|Any CPU.ActiveCfg = Debug|Any CPU
		{BB17B2D7-09A3-4942-B2A6-A36C88A4BA0B}.Debug|Any CPU.Build.0 = Debug|Any CPU
		{BB17B2D7-09A3-4942-B2A6-A36C88A4BA0B}.Release|Any CPU.ActiveCfg = Release|Any CPU
		{BB17B2D7-09A3-4942-B2A6-A36C88A4BA0B}.Release|Any CPU.Build.0 = Release|Any CPU
		{F7D21EE0-0EA1-4DAF-96CF-6FCB91BE8ABF}.Debug|Any CPU.ActiveCfg = Debug|Any CPU
		{F7D21EE0-0EA1-4DAF-96CF-6FCB91BE8ABF}.Debug|Any CPU.Build.0 = Debug|Any CPU
		{F7D21EE0-0EA1-4DAF-96CF-6FCB91BE8ABF}.Release|Any CPU.ActiveCfg = Release|Any CPU
		{F7D21EE0-0EA1-4DAF-96CF-6FCB91BE8ABF}.Release|Any CPU.Build.0 = Release|Any CPU
	EndGlobalSection
	GlobalSection(SolutionProperties) = preSolution
		HideSolutionNode = FALSE
	EndGlobalSection
	GlobalSection(NestedProjects) = preSolution
		{F7D21EE0-0EA1-4DAF-96CF-6FCB91BE8ABF} = {772ABB88-348A-4F6F-98A8-AED31A484B46}
	EndGlobalSection
	GlobalSection(ExtensibilityGlobals) = postSolution
		SolutionGuid = {D6CEB048-FFF8-4F89-92E4-BEB457E621C5}
	EndGlobalSection
EndGlobal
